
Microsoft Visual Studio Solution File, Format Version 12.00
# Visual Studio 2012
Project("{FAE04EC0-301F-11D3-BF4B-00C04F79EFBC}") = "WRIO", "WRIO\WRIO.csproj", "{BEE64E20-3AEB-4FEB-A921-6AB7D4247A6C}"
EndProject
Global
	GlobalSection(SolutionConfigurationPlatforms) = preSolution
		Debug|Any CPU = Debug|Any CPU
		Release|Any CPU = Release|Any CPU
	EndGlobalSection
	GlobalSection(ProjectConfigurationPlatforms) = postSolution
		{BEE64E20-3AEB-4FEB-A921-6AB7D4247A6C}.Debug|Any CPU.ActiveCfg = Debug|Any CPU
		{BEE64E20-3AEB-4FEB-A921-6AB7D4247A6C}.Debug|Any CPU.Build.0 = Debug|Any CPU
		{BEE64E20-3AEB-4FEB-A921-6AB7D4247A6C}.Release|Any CPU.ActiveCfg = Release|Any CPU
		{BEE64E20-3AEB-4FEB-A921-6AB7D4247A6C}.Release|Any CPU.Build.0 = Release|Any CPU
	EndGlobalSection
	GlobalSection(SolutionProperties) = preSolution
		HideSolutionNode = FALSE
	EndGlobalSection
EndGlobal
